
Microsoft Visual Studio Solution File, Format Version 12.00
# Visual Studio Version 17
VisualStudioVersion = 17.11.35208.52
MinimumVisualStudioVersion = 10.0.40219.1
Project("{FAE04EC0-301F-11D3-BF4B-00C04F79EFBC}") = "RotasTransportePublico", "RotasTransportePublico\RotasTransportePublico.csproj", "{F2485FEA-DBF6-4FC9-BCB8-6D2C6E77704A}"
EndProject
Project("{FAE04EC0-301F-11D3-BF4B-00C04F79EFBC}") = "RotasTransportePublico.Tests", "RotasTransportePublico.Tests\RotasTransportePublico.Tests.csproj", "{114A23EF-4C78-4551-94CD-B12F3DE09754}"
EndProject
Global
	GlobalSection(SolutionConfigurationPlatforms) = preSolution
		Debug|Any CPU = Debug|Any CPU
		Release|Any CPU = Release|Any CPU
	EndGlobalSection
	GlobalSection(ProjectConfigurationPlatforms) = postSolution
		{F2485FEA-DBF6-4FC9-BCB8-6D2C6E77704A}.Debug|Any CPU.ActiveCfg = Debug|Any CPU
		{F2485FEA-DBF6-4FC9-BCB8-6D2C6E77704A}.Debug|Any CPU.Build.0 = Debug|Any CPU
		{F2485FEA-DBF6-4FC9-BCB8-6D2C6E77704A}.Release|Any CPU.ActiveCfg = Release|Any CPU
		{F2485FEA-DBF6-4FC9-BCB8-6D2C6E77704A}.Release|Any CPU.Build.0 = Release|Any CPU
		{114A23EF-4C78-4551-94CD-B12F3DE09754}.Debug|Any CPU.ActiveCfg = Debug|Any CPU
		{114A23EF-4C78-4551-94CD-B12F3DE09754}.Debug|Any CPU.Build.0 = Debug|Any CPU
		{114A23EF-4C78-4551-94CD-B12F3DE09754}.Release|Any CPU.ActiveCfg = Release|Any CPU
		{114A23EF-4C78-4551-94CD-B12F3DE09754}.Release|Any CPU.Build.0 = Release|Any CPU
	EndGlobalSection
	GlobalSection(SolutionProperties) = preSolution
		HideSolutionNode = FALSE
	EndGlobalSection
	GlobalSection(ExtensibilityGlobals) = postSolution
		SolutionGuid = {521A3DFE-9102-43AA-BB59-BA1BEA076165}
	EndGlobalSection
EndGlobal
